Microsoft Visual Studio Solution File, Format Version 12.00
# Visual Studio Version 17
VisualStudioVersion = 17.5.2.0
MinimumVisualStudioVersion = 10.0.40219.1
Project("{FAE04EC0-301F-11D3-BF4B-00C04F79EFBC}") = "LocalBankAPI", "LocalBankAPI.csproj", "{8115BCB6-E692-EF0C-556A-7CB157C3426C}"
EndProject
Global
	GlobalSection(SolutionConfigurationPlatforms) = preSolution
		Debug|Any CPU = Debug|Any CPU
		Release|Any CPU = Release|Any CPU
	EndGlobalSection
	GlobalSection(ProjectConfigurationPlatforms) = postSolution
		{8115BCB6-E692-EF0C-556A-7CB157C3426C}.Debug|Any CPU.ActiveCfg = Debug|Any CPU
		{8115BCB6-E692-EF0C-556A-7CB157C3426C}.Debug|Any CPU.Build.0 = Debug|Any CPU
		{8115BCB6-E692-EF0C-556A-7CB157C3426C}.Release|Any CPU.ActiveCfg = Release|Any CPU
		{8115BCB6-E692-EF0C-556A-7CB157C3426C}.Release|Any CPU.Build.0 = Release|Any CPU
	EndGlobalSection
	GlobalSection(SolutionProperties) = preSolution
		HideSolutionNode = FALSE
	EndGlobalSection
	GlobalSection(ExtensibilityGlobals) = postSolution
		SolutionGuid = {3496AE6B-E0D3-477C-B1D2-FD27D41F9B90}
	EndGlobalSection
EndGlobal
